// !$*UTF8*$!
{
	archiveVersion = 1;
	classes = {
	};
	objectVersion = 50;
	objects = {

/* Begin PBXBuildFile section */
		7070D5D023D91FBE00BD8BCD /* Collectable.swift in Sources */ = {isa = PBXBuildFile; fileRef = 7070D5CF23D91FBE00BD8BCD /* Collectable.swift */; };
		7070D5D223D9205200BD8BCD /* ItemGameProtocol.swift in Sources */ = {isa = PBXBuildFile; fileRef = 7070D5D123D9205200BD8BCD /* ItemGameProtocol.swift */; };
		7088901023DA1C4E007CBEA3 /* ProgressBar.swift in Sources */ = {isa = PBXBuildFile; fileRef = 7088900F23DA1C4E007CBEA3 /* ProgressBar.swift */; };
		70A06E2323D736800054C127 /* AppDelegate.swift in Sources */ = {isa = PBXBuildFile; fileRef = 70A06E2223D736800054C127 /* AppDelegate.swift */; };
		70A06E2523D736800054C127 /* GameScene.sks in Resources */ = {isa = PBXBuildFile; fileRef = 70A06E2423D736800054C127 /* GameScene.sks */; };
		70A06E2723D736800054C127 /* Actions.sks in Resources */ = {isa = PBXBuildFile; fileRef = 70A06E2623D736800054C127 /* Actions.sks */; };
		70A06E2923D736800054C127 /* GameScene.swift in Sources */ = {isa = PBXBuildFile; fileRef = 70A06E2823D736800054C127 /* GameScene.swift */; };
		70A06E2B23D736800054C127 /* GameViewController.swift in Sources */ = {isa = PBXBuildFile; fileRef = 70A06E2A23D736800054C127 /* GameViewController.swift */; };
		70A06E2E23D736800054C127 /* Main.storyboard in Resources */ = {isa = PBXBuildFile; fileRef = 70A06E2C23D736800054C127 /* Main.storyboard */; };
		70A06E3023D736840054C127 /* Assets.xcassets in Resources */ = {isa = PBXBuildFile; fileRef = 70A06E2F23D736840054C127 /* Assets.xcassets */; };
		70A06E3323D736840054C127 /* LaunchScreen.storyboard in Resources */ = {isa = PBXBuildFile; fileRef = 70A06E3123D736840054C127 /* LaunchScreen.storyboard */; };
		70EEB20823D76A6C00D0FD26 /* Utils.swift in Sources */ = {isa = PBXBuildFile; fileRef = 70EEB20723D76A6C00D0FD26 /* Utils.swift */; };
		70EEB20A23D783F000D0FD26 /* Character.swift in Sources */ = {isa = PBXBuildFile; fileRef = 70EEB20923D783F000D0FD26 /* Character.swift */; };
		70EEB20C23D7894900D0FD26 /* GameLayer.swift in Sources */ = {isa = PBXBuildFile; fileRef = 70EEB20B23D7894900D0FD26 /* GameLayer.swift */; };
		70EEB20E23D7C34C00D0FD26 /* HUDLayer.swift in Sources */ = {isa = PBXBuildFile; fileRef = 70EEB20D23D7C34C00D0FD26 /* HUDLayer.swift */; };
		70EEB21023D7D7D700D0FD26 /* Enemy.swift in Sources */ = {isa = PBXBuildFile; fileRef = 70EEB20F23D7D7D700D0FD26 /* Enemy.swift */; };
/* End PBXBuildFile section */

/* Begin PBXFileReference section */
		7070D5CF23D91FBE00BD8BCD /* Collectable.swift */ = {isa = PBXFileReference; lastKnownFileType = sourcecode.swift; path = Collectable.swift; sourceTree = "<group>"; };
		7070D5D123D9205200BD8BCD /* ItemGameProtocol.swift */ = {isa = PBXFileReference; lastKnownFileType = sourcecode.swift; path = ItemGameProtocol.swift; sourceTree = "<group>"; };
		7088900F23DA1C4E007CBEA3 /* ProgressBar.swift */ = {isa = PBXFileReference; lastKnownFileType = sourcecode.swift; path = ProgressBar.swift; sourceTree = "<group>"; };
		70A06E1F23D736800054C127 /* RRTan.app */ = {isa = PBXFileReference; explicitFileType = wrapper.application; includeInIndex = 0; path = RRTan.app; sourceTree = BUILT_PRODUCTS_DIR; };
		70A06E2223D736800054C127 /* AppDelegate.swift */ = {isa = PBXFileReference; lastKnownFileType = sourcecode.swift; path = AppDelegate.swift; sourceTree = "<group>"; };
		70A06E2423D736800054C127 /* GameScene.sks */ = {isa = PBXFileReference; lastKnownFileType = file.sks; path = GameScene.sks; sourceTree = "<group>"; };
		70A06E2623D736800054C127 /* Actions.sks */ = {isa = PBXFileReference; lastKnownFileType = file.sks; path = Actions.sks; sourceTree = "<group>"; };
		70A06E2823D736800054C127 /* GameScene.swift */ = {isa = PBXFileReference; lastKnownFileType = sourcecode.swift; path = GameScene.swift; sourceTree = "<group>"; };
		70A06E2A23D736800054C127 /* GameViewController.swift */ = {isa = PBXFileReference; lastKnownFileType = sourcecode.swift; path = GameViewController.swift; sourceTree = "<group>"; };
		70A06E2D23D736800054C127 /* Base */ = {isa = PBXFileReference; lastKnownFileType = file.storyboard; name = Base; path = Base.lproj/Main.storyboard; sourceTree = "<group>"; };
		70A06E2F23D736840054C127 /* Assets.xcassets */ = {isa = PBXFileReference; lastKnownFileType = folder.assetcatalog; path = Assets.xcassets; sourceTree = "<group>"; };
		70A06E3223D736840054C127 /* Base */ = {isa = PBXFileReference; lastKnownFileType = file.storyboard; name = Base; path = Base.lproj/LaunchScreen.storyboard; sourceTree = "<group>"; };
		70A06E3423D736840054C127 /* Info.plist */ = {isa = PBXFileReference; lastKnownFileType = text.plist.xml; path = Info.plist; sourceTree = "<group>"; };
		70EEB20723D76A6C00D0FD26 /* Utils.swift */ = {isa = PBXFileReference; lastKnownFileType = sourcecode.swift; path = Utils.swift; sourceTree = "<group>"; };
		70EEB20923D783F000D0FD26 /* Character.swift */ = {isa = PBXFileReference; lastKnownFileType = sourcecode.swift; path = Character.swift; sourceTree = "<group>"; };
		70EEB20B23D7894900D0FD26 /* GameLayer.swift */ = {isa = PBXFileReference; lastKnownFileType = sourcecode.swift; path = GameLayer.swift; sourceTree = "<group>"; };
		70EEB20D23D7C34C00D0FD26 /* HUDLayer.swift */ = {isa = PBXFileReference; lastKnownFileType = sourcecode.swift; path = HUDLayer.swift; sourceTree = "<group>"; };
		70EEB20F23D7D7D700D0FD26 /* Enemy.swift */ = {isa = PBXFileReference; lastKnownFileType = sourcecode.swift; path = Enemy.swift; sourceTree = "<group>"; };
/* End PBXFileReference section */

/* Begin PBXFrameworksBuildPhase section */
		70A06E1C23D736800054C127 /* Frameworks */ = {
			isa = PBXFrameworksBuildPhase;
			buildActionMask = 2147483647;
			files = (
			);
			runOnlyForDeploymentPostprocessing = 0;
		};
/* End PBXFrameworksBuildPhase section */

/* Begin PBXGroup section */
		70A06E1623D736800054C127 = {
			isa = PBXGroup;
			children = (
				70A06E2123D736800054C127 /* RRTan */,
				70A06E2023D736800054C127 /* Products */,
			);
			sourceTree = "<group>";
		};
		70A06E2023D736800054C127 /* Products */ = {
			isa = PBXGroup;
			children = (
				70A06E1F23D736800054C127 /* RRTan.app */,
			);
			name = Products;
			sourceTree = "<group>";
		};
		70A06E2123D736800054C127 /* RRTan */ = {
			isa = PBXGroup;
			children = (
				70A06E2223D736800054C127 /* AppDelegate.swift */,
				70A06E2423D736800054C127 /* GameScene.sks */,
				70A06E2623D736800054C127 /* Actions.sks */,
				70EEB20B23D7894900D0FD26 /* GameLayer.swift */,
				70A06E2823D736800054C127 /* GameScene.swift */,
				70EEB20D23D7C34C00D0FD26 /* HUDLayer.swift */,
				70EEB20923D783F000D0FD26 /* Character.swift */,
				70A06E2A23D736800054C127 /* GameViewController.swift */,
				70A06E2C23D736800054C127 /* Main.storyboard */,
				70A06E2F23D736840054C127 /* Assets.xcassets */,
				70A06E3123D736840054C127 /* LaunchScreen.storyboard */,
				70A06E3423D736840054C127 /* Info.plist */,
				70EEB20723D76A6C00D0FD26 /* Utils.swift */,
				70EEB20F23D7D7D700D0FD26 /* Enemy.swift */,
				7070D5CF23D91FBE00BD8BCD /* Collectable.swift */,
				7070D5D123D9205200BD8BCD /* ItemGameProtocol.swift */,
				7088900F23DA1C4E007CBEA3 /* ProgressBar.swift */,
			);
			path = RRTan;
			sourceTree = "<group>";
		};
/* End PBXGroup section */

/* Begin PBXNativeTarget section */
		70A06E1E23D736800054C127 /* RRTan */ = {
			isa = PBXNativeTarget;
			buildConfigurationList = 70A06E3723D736840054C127 /* Build configuration list for PBXNativeTarget "RRTan" */;
			buildPhases = (
				70A06E1B23D736800054C127 /* Sources */,
				70A06E1C23D736800054C127 /* Frameworks */,
				70A06E1D23D736800054C127 /* Resources */,
			);
			buildRules = (
			);
			dependencies = (
			);
			name = RRTan;
			productName = RRTan;
			productReference = 70A06E1F23D736800054C127 /* RRTan.app */;
			productType = "com.apple.product-type.application";
		};
/* End PBXNativeTarget section */

/* Begin PBXProject section */
		70A06E1723D736800054C127 /* Project object */ = {
			isa = PBXProject;
			attributes = {
				LastSwiftUpdateCheck = 1130;
				LastUpgradeCheck = 1130;
				ORGANIZATIONNAME = "Rangel Cardoso Dias";
				TargetAttributes = {
					70A06E1E23D736800054C127 = {
						CreatedOnToolsVersion = 11.3;
					};
				};
			};
			buildConfigurationList = 70A06E1A23D736800054C127 /* Build configuration list for PBXProject "RRTan" */;
			compatibilityVersion = "Xcode 9.3";
			developmentRegion = en;
			hasScannedForEncodings = 0;
			knownRegions = (
				en,
				Base,
			);
			mainGroup = 70A06E1623D736800054C127;
			productRefGroup = 70A06E2023D736800054C127 /* Products */;
			projectDirPath = "";
			projectRoot = "";
			targets = (
				70A06E1E23D736800054C127 /* RRTan */,
			);
		};
/* End PBXProject section */

/* Begin PBXResourcesBuildPhase section */
		70A06E1D23D736800054C127 /* Resources */ = {
			isa = PBXResourcesBuildPhase;
			buildActionMask = 2147483647;
			files = (
				70A06E2E23D736800054C127 /* Main.storyboard in Resources */,
				70A06E2523D736800054C127 /* GameScene.sks in Resources */,
				70A06E3023D736840054C127 /* Assets.xcassets in Resources */,
				70A06E3323D736840054C127 /* LaunchScreen.storyboard in Resources */,
				70A06E2723D736800054C127 /* Actions.sks in Resources */,
			);
			runOnlyForDeploymentPostprocessing = 0;
		};
/* End PBXResourcesBuildPhase section */

/* Begin PBXSourcesBuildPhase section */
		70A06E1B23D736800054C127 /* Sources */ = {
			isa = PBXSourcesBuildPhase;
			buildActionMask = 2147483647;
			files = (
				70A06E2923D736800054C127 /* GameScene.swift in Sources */,
				70EEB20C23D7894900D0FD26 /* GameLayer.swift in Sources */,
				7070D5D223D9205200BD8BCD /* ItemGameProtocol.swift in Sources */,
				7070D5D023D91FBE00BD8BCD /* Collectable.swift in Sources */,
				70A06E2B23D736800054C127 /* GameViewController.swift in Sources */,
				70EEB20E23D7C34C00D0FD26 /* HUDLayer.swift in Sources */,
				70EEB20A23D783F000D0FD26 /* Character.swift in Sources */,
				70A06E2323D736800054C127 /* AppDelegate.swift in Sources */,
				70EEB21023D7D7D700D0FD26 /* Enemy.swift in Sources */,
				7088901023DA1C4E007CBEA3 /* ProgressBar.swift in Sources */,
				70EEB20823D76A6C00D0FD26 /* Utils.swift in Sources */,
			);
			runOnlyForDeploymentPostprocessing = 0;
		};
/* End PBXSourcesBuildPhase section */

/* Begin PBXVariantGroup section */
		70A06E2C23D736800054C127 /* Main.storyboard */ = {
			isa = PBXVariantGroup;
			children = (
				70A06E2D23D736800054C127 /* Base */,
			);
			name = Main.storyboard;
			sourceTree = "<group>";
		};
		70A06E3123D736840054C127 /* LaunchScreen.storyboard */ = {
			isa = PBXVariantGroup;
			children = (
				70A06E3223D736840054C127 /* Base */,
			);
			name = LaunchScreen.storyboard;
			sourceTree = "<group>";
		};
/* End PBXVariantGroup section */

/* Begin XCBuildConfiguration section */
		70A06E3523D736840054C127 /* Debug */ = {
			isa = XCBuildConfiguration;
			buildSettings = {
				ALWAYS_SEARCH_USER_PATHS = NO;
				CLANG_ANALYZER_NONNULL = YES;
				CLANG_ANALYZER_NUMBER_OBJECT_CONVERSION = YES_AGGRESSIVE;
				CLANG_CXX_LANGUAGE_STANDARD = "gnu++14";
				CLANG_CXX_LIBRARY = "libc++";
				CLANG_ENABLE_MODULES = YES;
				CLANG_ENABLE_OBJC_ARC = YES;
				CLANG_ENABLE_OBJC_WEAK = YES;
				CLANG_WARN_BLOCK_CAPTURE_AUTORELEASING = YES;
				CLANG_WARN_BOOL_CONVERSION = YES;
				CLANG_WARN_COMMA = YES;
				CLANG_WARN_CONSTANT_CONVERSION = YES;
				CLANG_WARN_DEPRECATED_OBJC_IMPLEMENTATIONS = YES;
				CLANG_WARN_DIRECT_OBJC_ISA_USAGE = YES_ERROR;
				CLANG_WARN_DOCUMENTATION_COMMENTS = YES;
				CLANG_WARN_EMPTY_BODY = YES;
				CLANG_WARN_ENUM_CONVERSION = YES;
				CLANG_WARN_INFINITE_RECURSION = YES;
				CLANG_WARN_INT_CONVERSION = YES;
				CLANG_WARN_NON_LITERAL_NULL_CONVERSION = YES;
				CLANG_WARN_OBJC_IMPLICIT_RETAIN_SELF = YES;
				CLANG_WARN_OBJC_LITERAL_CONVERSION = YES;
				CLANG_WARN_OBJC_ROOT_CLASS = YES_ERROR;
				CLANG_WARN_RANGE_LOOP_ANALYSIS = YES;
				CLANG_WARN_STRICT_PROTOTYPES = YES;
				CLANG_WARN_SUSPICIOUS_MOVE = YES;
				CLANG_WARN_UNGUARDED_AVAILABILITY = YES_AGGRESSIVE;
				CLANG_WARN_UNREACHABLE_CODE = YES;
				CLANG_WARN__DUPLICATE_METHOD_MATCH = YES;
				COPY_PHASE_STRIP = NO;
				DEBUG_INFORMATION_FORMAT = dwarf;
				ENABLE_STRICT_OBJC_MSGSEND = YES;
				ENABLE_TESTABILITY = YES;
				GCC_C_LANGUAGE_STANDARD = gnu11;
				GCC_DYNAMIC_NO_PIC = NO;
				GCC_NO_COMMON_BLOCKS = YES;
				GCC_OPTIMIZATION_LEVEL = 0;
				GCC_PREPROCESSOR_DEFINITIONS = (
					"DEBUG=1",
					"$(inherited)",
				);
				GCC_WARN_64_TO_32_BIT_CONVERSION = YES;
				GCC_WARN_ABOUT_RETURN_TYPE = YES_ERROR;
				GCC_WARN_UNDECLARED_SELECTOR = YES;
				GCC_WARN_UNINITIALIZED_AUTOS = YES_AGGRESSIVE;
				GCC_WARN_UNUSED_FUNCTION = YES;
				GCC_WARN_UNUSED_VARIABLE = YES;
				IPHONEOS_DEPLOYMENT_TARGET = 13.2;
				MTL_ENABLE_DEBUG_INFO = INCLUDE_SOURCE;
				MTL_FAST_MATH = YES;
				ONLY_ACTIVE_ARCH = YES;
				SDKROOT = iphoneos;
				SWIFT_ACTIVE_COMPILATION_CONDITIONS = DEBUG;
				SWIFT_OPTIMIZATION_LEVEL = "-Onone";
			};
			name = Debug;
		};
		70A06E3623D736840054C127 /* Release */ = {
			isa = XCBuildConfiguration;
			buildSettings = {
				ALWAYS_SEARCH_USER_PATHS = NO;
				CLANG_ANALYZER_NONNULL = YES;
				CLANG_ANALYZER_NUMBER_OBJECT_CONVERSION = YES_AGGRESSIVE;
				CLANG_CXX_LANGUAGE_STANDARD = "gnu++14";
				CLANG_CXX_LIBRARY = "libc++";
				CLANG_ENABLE_MODULES = YES;
				CLANG_ENABLE_OBJC_ARC = YES;
				CLANG_ENABLE_OBJC_WEAK = YES;
				CLANG_WARN_BLOCK_CAPTURE_AUTORELEASING = YES;
				CLANG_WARN_BOOL_CONVERSION = YES;
				CLANG_WARN_COMMA = YES;
				CLANG_WARN_CONSTANT_CONVERSION = YES;
				CLANG_WARN_DEPRECATED_OBJC_IMPLEMENTATIONS = YES;
				CLANG_WARN_DIRECT_OBJC_ISA_USAGE = YES_ERROR;
				CLANG_WARN_DOCUMENTATION_COMMENTS = YES;
				CLANG_WARN_EMPTY_BODY = YES;
				CLANG_WARN_ENUM_CONVERSION = YES;
				CLANG_WARN_INFINITE_RECURSION = YES;
				CLANG_WARN_INT_CONVERSION = YES;
				CLANG_WARN_NON_LITERAL_NULL_CONVERSION = YES;
				CLANG_WARN_OBJC_IMPLICIT_RETAIN_SELF = YES;
				CLANG_WARN_OBJC_LITERAL_CONVERSION = YES;
				CLANG_WARN_OBJC_ROOT_CLASS = YES_ERROR;
				CLANG_WARN_RANGE_LOOP_ANALYSIS = YES;
				CLANG_WARN_STRICT_PROTOTYPES = YES;
				CLANG_WARN_SUSPICIOUS_MOVE = YES;
				CLANG_WARN_UNGUARDED_AVAILABILITY = YES_AGGRESSIVE;
				CLANG_WARN_UNREACHABLE_CODE = YES;
				CLANG_WARN__DUPLICATE_METHOD_MATCH = YES;
				COPY_PHASE_STRIP = NO;
				DEBUG_INFORMATION_FORMAT = "dwarf-with-dsym";
				ENABLE_NS_ASSERTIONS = NO;
				ENABLE_STRICT_OBJC_MSGSEND = YES;
				GCC_C_LANGUAGE_STANDARD = gnu11;
				GCC_NO_COMMON_BLOCKS = YES;
				GCC_WARN_64_TO_32_BIT_CONVERSION = YES;
				GCC_WARN_ABOUT_RETURN_TYPE = YES_ERROR;
				GCC_WARN_UNDECLARED_SELECTOR = YES;
				GCC_WARN_UNINITIALIZED_AUTOS = YES_AGGRESSIVE;
				GCC_WARN_UNUSED_FUNCTION = YES;
				GCC_WARN_UNUSED_VARIABLE = YES;
				IPHONEOS_DEPLOYMENT_TARGET = 13.2;
				MTL_ENABLE_DEBUG_INFO = NO;
				MTL_FAST_MATH = YES;
				SDKROOT = iphoneos;
				SWIFT_COMPILATION_MODE = wholemodule;
				SWIFT_OPTIMIZATION_LEVEL = "-O";
				VALIDATE_PRODUCT = YES;
			};
			name = Release;
		};
		70A06E3823D736840054C127 /* Debug */ = {
			isa = XCBuildConfiguration;
			buildSettings = {
				ASSETCATALOG_COMPILER_APPICON_NAME = AppIcon;
				CODE_SIGN_STYLE = Automatic;
				DEVELOPMENT_TEAM = 536JJFH3JQ;
				INFOPLIST_FILE = RRTan/Info.plist;
				LD_RUNPATH_SEARCH_PATHS = (
					"$(inherited)",
					"@executable_path/Frameworks",
				);
				PRODUCT_BUNDLE_IDENTIFIER = rangel.RRTan;
				PRODUCT_NAME = "$(TARGET_NAME)";
				SWIFT_VERSION = 5.0;
				TARGETED_DEVICE_FAMILY = "1,2";
			};
			name = Debug;
		};
		70A06E3923D736840054C127 /* Release */ = {
			isa = XCBuildConfiguration;
			buildSettings = {
				ASSETCATALOG_COMPILER_APPICON_NAME = AppIcon;
				CODE_SIGN_STYLE = Automatic;
				DEVELOPMENT_TEAM = 536JJFH3JQ;
				INFOPLIST_FILE = RRTan/Info.plist;
				LD_RUNPATH_SEARCH_PATHS = (
					"$(inherited)",
					"@executable_path/Frameworks",
				);
				PRODUCT_BUNDLE_IDENTIFIER = rangel.RRTan;
				PRODUCT_NAME = "$(TARGET_NAME)";
				SWIFT_VERSION = 5.0;
				TARGETED_DEVICE_FAMILY = "1,2";
			};
			name = Release;
		};
/* End XCBuildConfiguration section */

/* Begin XCConfigurationList section */
		70A06E1A23D736800054C127 /* Build configuration list for PBXProject "RRTan" */ = {
			isa = XCConfigurationList;
			buildConfigurations = (
				70A06E3523D736840054C127 /* Debug */,
				70A06E3623D736840054C127 /* Release */,
			);
			defaultConfigurationIsVisible = 0;
			defaultConfigurationName = Release;
		};
		70A06E3723D736840054C127 /* Build configuration list for PBXNativeTarget "RRTan" */ = {
			isa = XCConfigurationList;
			buildConfigurations = (
				70A06E3823D736840054C127 /* Debug */,
				70A06E3923D736840054C127 /* Release */,
			);
			defaultConfigurationIsVisible = 0;
			defaultConfigurationName = Release;
		};
/* End XCConfigurationList section */
	};
	rootObject = 70A06E1723D736800054C127 /* Project object */;
}
