// !$*UTF8*$!
{
	archiveVersion = 1;
	classes = {
	};
	objectVersion = 51;
	objects = {

/* Begin PBXBuildFile section */
		4EB3A46C0A611ADBF15DADB9 /* Pods_RRTan.framework in Frameworks */ = {isa = PBXBuildFile; fileRef = C193BA4932C2B0DC44E59AD0 /* Pods_RRTan.framework */; };
		70320FD823EA4C76007C641F /* StoreScene.swift in Sources */ = {isa = PBXBuildFile; fileRef = 70320FD723EA4C76007C641F /* StoreScene.swift */; };
		7070D5D023D91FBE00BD8BCD /* Collectable.swift in Sources */ = {isa = PBXBuildFile; fileRef = 7070D5CF23D91FBE00BD8BCD /* Collectable.swift */; };
		7080CC5B23E11DC500EDD94F /* InitialScene.swift in Sources */ = {isa = PBXBuildFile; fileRef = 7080CC5A23E11DC500EDD94F /* InitialScene.swift */; };
		7080CC5D23E124F500EDD94F /* HomeMenuScene.swift in Sources */ = {isa = PBXBuildFile; fileRef = 7080CC5C23E124F500EDD94F /* HomeMenuScene.swift */; };
		7088901023DA1C4E007CBEA3 /* ProgressBar.swift in Sources */ = {isa = PBXBuildFile; fileRef = 7088900F23DA1C4E007CBEA3 /* ProgressBar.swift */; };
		70A06E2323D736800054C127 /* AppDelegate.swift in Sources */ = {isa = PBXBuildFile; fileRef = 70A06E2223D736800054C127 /* AppDelegate.swift */; };
		70A06E2523D736800054C127 /* GameScene.sks in Resources */ = {isa = PBXBuildFile; fileRef = 70A06E2423D736800054C127 /* GameScene.sks */; };
		70A06E2723D736800054C127 /* Actions.sks in Resources */ = {isa = PBXBuildFile; fileRef = 70A06E2623D736800054C127 /* Actions.sks */; };
		70A06E2923D736800054C127 /* GameScene.swift in Sources */ = {isa = PBXBuildFile; fileRef = 70A06E2823D736800054C127 /* GameScene.swift */; };
		70A06E2B23D736800054C127 /* GameViewController.swift in Sources */ = {isa = PBXBuildFile; fileRef = 70A06E2A23D736800054C127 /* GameViewController.swift */; };
		70A06E2E23D736800054C127 /* Main.storyboard in Resources */ = {isa = PBXBuildFile; fileRef = 70A06E2C23D736800054C127 /* Main.storyboard */; };
		70A06E3023D736840054C127 /* Assets.xcassets in Resources */ = {isa = PBXBuildFile; fileRef = 70A06E2F23D736840054C127 /* Assets.xcassets */; };
		70A06E3323D736840054C127 /* LaunchScreen.storyboard in Resources */ = {isa = PBXBuildFile; fileRef = 70A06E3123D736840054C127 /* LaunchScreen.storyboard */; };
		70EEB20823D76A6C00D0FD26 /* Utils.swift in Sources */ = {isa = PBXBuildFile; fileRef = 70EEB20723D76A6C00D0FD26 /* Utils.swift */; };
		70EEB20A23D783F000D0FD26 /* Character.swift in Sources */ = {isa = PBXBuildFile; fileRef = 70EEB20923D783F000D0FD26 /* Character.swift */; };
		70EEB20C23D7894900D0FD26 /* GameLayer.swift in Sources */ = {isa = PBXBuildFile; fileRef = 70EEB20B23D7894900D0FD26 /* GameLayer.swift */; };
		70EEB20E23D7C34C00D0FD26 /* HUDLayer.swift in Sources */ = {isa = PBXBuildFile; fileRef = 70EEB20D23D7C34C00D0FD26 /* HUDLayer.swift */; };
		70EEB21023D7D7D700D0FD26 /* Enemy.swift in Sources */ = {isa = PBXBuildFile; fileRef = 70EEB20F23D7D7D700D0FD26 /* Enemy.swift */; };
/* End PBXBuildFile section */

/* Begin PBXFileReference section */
		1C7D789F3E71FA986E5A69DE /* Pods-RRTan.debug.xcconfig */ = {isa = PBXFileReference; includeInIndex = 1; lastKnownFileType = text.xcconfig; name = "Pods-RRTan.debug.xcconfig"; path = "Target Support Files/Pods-RRTan/Pods-RRTan.debug.xcconfig"; sourceTree = "<group>"; };
		2D67ADC860B45B5C21492523 /* Pods-RRTan.release.xcconfig */ = {isa = PBXFileReference; includeInIndex = 1; lastKnownFileType = text.xcconfig; name = "Pods-RRTan.release.xcconfig"; path = "Target Support Files/Pods-RRTan/Pods-RRTan.release.xcconfig"; sourceTree = "<group>"; };
		70320FD723EA4C76007C641F /* StoreScene.swift */ = {isa = PBXFileReference; lastKnownFileType = sourcecode.swift; path = StoreScene.swift; sourceTree = "<group>"; };
		7070D5CF23D91FBE00BD8BCD /* Collectable.swift */ = {isa = PBXFileReference; lastKnownFileType = sourcecode.swift; path = Collectable.swift; sourceTree = "<group>"; };
		7080CC5A23E11DC500EDD94F /* InitialScene.swift */ = {isa = PBXFileReference; lastKnownFileType = sourcecode.swift; path = InitialScene.swift; sourceTree = "<group>"; };
		7080CC5C23E124F500EDD94F /* HomeMenuScene.swift */ = {isa = PBXFileReference; lastKnownFileType = sourcecode.swift; path = HomeMenuScene.swift; sourceTree = "<group>"; };
		7088900F23DA1C4E007CBEA3 /* ProgressBar.swift */ = {isa = PBXFileReference; lastKnownFileType = sourcecode.swift; path = ProgressBar.swift; sourceTree = "<group>"; };
		70A06E1F23D736800054C127 /* Dale War.app */ = {isa = PBXFileReference; explicitFileType = wrapper.application; includeInIndex = 0; path = "Dale War.app"; sourceTree = BUILT_PRODUCTS_DIR; };
		70A06E2223D736800054C127 /* AppDelegate.swift */ = {isa = PBXFileReference; lastKnownFileType = sourcecode.swift; path = AppDelegate.swift; sourceTree = "<group>"; };
		70A06E2423D736800054C127 /* GameScene.sks */ = {isa = PBXFileReference; lastKnownFileType = file.sks; path = GameScene.sks; sourceTree = "<group>"; };
		70A06E2623D736800054C127 /* Actions.sks */ = {isa = PBXFileReference; lastKnownFileType = file.sks; path = Actions.sks; sourceTree = "<group>"; };
		70A06E2823D736800054C127 /* GameScene.swift */ = {isa = PBXFileReference; lastKnownFileType = sourcecode.swift; path = GameScene.swift; sourceTree = "<group>"; };
		70A06E2A23D736800054C127 /* GameViewController.swift */ = {isa = PBXFileReference; lastKnownFileType = sourcecode.swift; path = GameViewController.swift; sourceTree = "<group>"; };
		70A06E2D23D736800054C127 /* Base */ = {isa = PBXFileReference; lastKnownFileType = file.storyboard; name = Base; path = Base.lproj/Main.storyboard; sourceTree = "<group>"; };
		70A06E2F23D736840054C127 /* Assets.xcassets */ = {isa = PBXFileReference; lastKnownFileType = folder.assetcatalog; path = Assets.xcassets; sourceTree = "<group>"; };
		70A06E3223D736840054C127 /* Base */ = {isa = PBXFileReference; lastKnownFileType = file.storyboard; name = Base; path = Base.lproj/LaunchScreen.storyboard; sourceTree = "<group>"; };
		70A06E3423D736840054C127 /* Info.plist */ = {isa = PBXFileReference; lastKnownFileType = text.plist.xml; path = Info.plist; sourceTree = "<group>"; };
		70EEB20723D76A6C00D0FD26 /* Utils.swift */ = {isa = PBXFileReference; lastKnownFileType = sourcecode.swift; path = Utils.swift; sourceTree = "<group>"; };
		70EEB20923D783F000D0FD26 /* Character.swift */ = {isa = PBXFileReference; lastKnownFileType = sourcecode.swift; path = Character.swift; sourceTree = "<group>"; };
		70EEB20B23D7894900D0FD26 /* GameLayer.swift */ = {isa = PBXFileReference; lastKnownFileType = sourcecode.swift; path = GameLayer.swift; sourceTree = "<group>"; };
		70EEB20D23D7C34C00D0FD26 /* HUDLayer.swift */ = {isa = PBXFileReference; lastKnownFileType = sourcecode.swift; path = HUDLayer.swift; sourceTree = "<group>"; };
		70EEB20F23D7D7D700D0FD26 /* Enemy.swift */ = {isa = PBXFileReference; lastKnownFileType = sourcecode.swift; path = Enemy.swift; sourceTree = "<group>"; };
		C193BA4932C2B0DC44E59AD0 /* Pods_RRTan.framework */ = {isa = PBXFileReference; explicitFileType = wrapper.framework; includeInIndex = 0; path = Pods_RRTan.framework; sourceTree = BUILT_PRODUCTS_DIR; };
/* End PBXFileReference section */

/* Begin PBXFrameworksBuildPhase section */
		70A06E1C23D736800054C127 /* Frameworks */ = {
			isa = PBXFrameworksBuildPhase;
			buildActionMask = 2147483647;
			files = (
				4EB3A46C0A611ADBF15DADB9 /* Pods_RRTan.framework in Frameworks */,
			);
			runOnlyForDeploymentPostprocessing = 0;
		};
/* End PBXFrameworksBuildPhase section */

/* Begin PBXGroup section */
		70320FD323EA448E007C641F /* Layers */ = {
			isa = PBXGroup;
			children = (
				70EEB20B23D7894900D0FD26 /* GameLayer.swift */,
				70EEB20D23D7C34C00D0FD26 /* HUDLayer.swift */,
			);
			path = Layers;
			sourceTree = "<group>";
		};
		70320FD423EA44A8007C641F /* Models */ = {
			isa = PBXGroup;
			children = (
				70EEB20923D783F000D0FD26 /* Character.swift */,
				70EEB20F23D7D7D700D0FD26 /* Enemy.swift */,
				7070D5CF23D91FBE00BD8BCD /* Collectable.swift */,
				7088900F23DA1C4E007CBEA3 /* ProgressBar.swift */,
			);
			path = Models;
			sourceTree = "<group>";
		};
		70320FD523EA44F2007C641F /* Controllers */ = {
			isa = PBXGroup;
			children = (
				70A06E2A23D736800054C127 /* GameViewController.swift */,
			);
			path = Controllers;
			sourceTree = "<group>";
		};
		70320FD623EA4522007C641F /* Others */ = {
			isa = PBXGroup;
			children = (
				70A06E2223D736800054C127 /* AppDelegate.swift */,
				70EEB20723D76A6C00D0FD26 /* Utils.swift */,
			);
			path = Others;
			sourceTree = "<group>";
		};
		70924DF123E99A0300515893 /* Scenes */ = {
			isa = PBXGroup;
			children = (
				70A06E2623D736800054C127 /* Actions.sks */,
				7080CC5A23E11DC500EDD94F /* InitialScene.swift */,
				70A06E2823D736800054C127 /* GameScene.swift */,
				70A06E2423D736800054C127 /* GameScene.sks */,
				7080CC5C23E124F500EDD94F /* HomeMenuScene.swift */,
				70320FD723EA4C76007C641F /* StoreScene.swift */,
			);
			path = Scenes;
			sourceTree = "<group>";
		};
		70A06E1623D736800054C127 = {
			isa = PBXGroup;
			children = (
				70A06E2123D736800054C127 /* RRTan */,
				70A06E2023D736800054C127 /* Products */,
				E66FA6F0437B5235AF45846E /* Pods */,
				D9E263B362965A4517C951EA /* Frameworks */,
			);
			sourceTree = "<group>";
		};
		70A06E2023D736800054C127 /* Products */ = {
			isa = PBXGroup;
			children = (
				70A06E1F23D736800054C127 /* Dale War.app */,
			);
			name = Products;
			sourceTree = "<group>";
		};
		70A06E2123D736800054C127 /* RRTan */ = {
			isa = PBXGroup;
			children = (
				70320FD523EA44F2007C641F /* Controllers */,
				70924DF123E99A0300515893 /* Scenes */,
				70320FD323EA448E007C641F /* Layers */,
				70320FD423EA44A8007C641F /* Models */,
				70320FD623EA4522007C641F /* Others */,
				70A06E2C23D736800054C127 /* Main.storyboard */,
				70A06E2F23D736840054C127 /* Assets.xcassets */,
				70A06E3123D736840054C127 /* LaunchScreen.storyboard */,
				70A06E3423D736840054C127 /* Info.plist */,
			);
			path = RRTan;
			sourceTree = "<group>";
		};
		D9E263B362965A4517C951EA /* Frameworks */ = {
			isa = PBXGroup;
			children = (
				C193BA4932C2B0DC44E59AD0 /* Pods_RRTan.framework */,
			);
			name = Frameworks;
			sourceTree = "<group>";
		};
		E66FA6F0437B5235AF45846E /* Pods */ = {
			isa = PBXGroup;
			children = (
				1C7D789F3E71FA986E5A69DE /* Pods-RRTan.debug.xcconfig */,
				2D67ADC860B45B5C21492523 /* Pods-RRTan.release.xcconfig */,
			);
			path = Pods;
			sourceTree = "<group>";
		};
/* End PBXGroup section */

/* Begin PBXNativeTarget section */
		70A06E1E23D736800054C127 /* RRTan */ = {
			isa = PBXNativeTarget;
			buildConfigurationList = 70A06E3723D736840054C127 /* Build configuration list for PBXNativeTarget "RRTan" */;
			buildPhases = (
				8A987FE8AAD55F5D2A80B65D /* [CP] Check Pods Manifest.lock */,
				70A06E1B23D736800054C127 /* Sources */,
				70A06E1C23D736800054C127 /* Frameworks */,
				70A06E1D23D736800054C127 /* Resources */,
				AD81C5364CE2A999725A9D6E /* [CP] Embed Pods Frameworks */,
			);
			buildRules = (
			);
			dependencies = (
			);
			name = RRTan;
			productName = RRTan;
			productReference = 70A06E1F23D736800054C127 /* Dale War.app */;
			productType = "com.apple.product-type.application";
		};
/* End PBXNativeTarget section */

/* Begin PBXProject section */
		70A06E1723D736800054C127 /* Project object */ = {
			isa = PBXProject;
			attributes = {
				LastSwiftUpdateCheck = 1130;
				LastUpgradeCheck = 1130;
				ORGANIZATIONNAME = "Rangel Cardoso Dias";
				TargetAttributes = {
					70A06E1E23D736800054C127 = {
						CreatedOnToolsVersion = 11.3;
					};
				};
			};
			buildConfigurationList = 70A06E1A23D736800054C127 /* Build configuration list for PBXProject "RRTan" */;
			compatibilityVersion = "Xcode 9.3";
			developmentRegion = en;
			hasScannedForEncodings = 0;
			knownRegions = (
				en,
				Base,
			);
			mainGroup = 70A06E1623D736800054C127;
			productRefGroup = 70A06E2023D736800054C127 /* Products */;
			projectDirPath = "";
			projectRoot = "";
			targets = (
				70A06E1E23D736800054C127 /* RRTan */,
			);
		};
/* End PBXProject section */

/* Begin PBXResourcesBuildPhase section */
		70A06E1D23D736800054C127 /* Resources */ = {
			isa = PBXResourcesBuildPhase;
			buildActionMask = 2147483647;
			files = (
				70A06E2E23D736800054C127 /* Main.storyboard in Resources */,
				70A06E2523D736800054C127 /* GameScene.sks in Resources */,
				70A06E3023D736840054C127 /* Assets.xcassets in Resources */,
				70A06E3323D736840054C127 /* LaunchScreen.storyboard in Resources */,
				70A06E2723D736800054C127 /* Actions.sks in Resources */,
			);
			runOnlyForDeploymentPostprocessing = 0;
		};
/* End PBXResourcesBuildPhase section */

/* Begin PBXShellScriptBuildPhase section */
		8A987FE8AAD55F5D2A80B65D /* [CP] Check Pods Manifest.lock */ = {
			isa = PBXShellScriptBuildPhase;
			buildActionMask = 2147483647;
			files = (
			);
			inputFileListPaths = (
			);
			inputPaths = (
				"${PODS_PODFILE_DIR_PATH}/Podfile.lock",
				"${PODS_ROOT}/Manifest.lock",
			);
			name = "[CP] Check Pods Manifest.lock";
			outputFileListPaths = (
			);
			outputPaths = (
				"$(DERIVED_FILE_DIR)/Pods-RRTan-checkManifestLockResult.txt",
			);
			runOnlyForDeploymentPostprocessing = 0;
			shellPath = /bin/sh;
			shellScript = "diff \"${PODS_PODFILE_DIR_PATH}/Podfile.lock\" \"${PODS_ROOT}/Manifest.lock\" > /dev/null\nif [ $? != 0 ] ; then\n    # print error to STDERR\n    echo \"error: The sandbox is not in sync with the Podfile.lock. Run 'pod install' or update your CocoaPods installation.\" >&2\n    exit 1\nfi\n# This output is used by Xcode 'outputs' to avoid re-running this script phase.\necho \"SUCCESS\" > \"${SCRIPT_OUTPUT_FILE_0}\"\n";
			showEnvVarsInLog = 0;
		};
		AD81C5364CE2A999725A9D6E /* [CP] Embed Pods Frameworks */ = {
			isa = PBXShellScriptBuildPhase;
			buildActionMask = 2147483647;
			files = (
			);
			inputFileListPaths = (
				"${PODS_ROOT}/Target Support Files/Pods-RRTan/Pods-RRTan-frameworks-${CONFIGURATION}-input-files.xcfilelist",
			);
			name = "[CP] Embed Pods Frameworks";
			outputFileListPaths = (
				"${PODS_ROOT}/Target Support Files/Pods-RRTan/Pods-RRTan-frameworks-${CONFIGURATION}-output-files.xcfilelist",
			);
			runOnlyForDeploymentPostprocessing = 0;
			shellPath = /bin/sh;
			shellScript = "\"${PODS_ROOT}/Target Support Files/Pods-RRTan/Pods-RRTan-frameworks.sh\"\n";
			showEnvVarsInLog = 0;
		};
/* End PBXShellScriptBuildPhase section */

/* Begin PBXSourcesBuildPhase section */
		70A06E1B23D736800054C127 /* Sources */ = {
			isa = PBXSourcesBuildPhase;
			buildActionMask = 2147483647;
			files = (
				70A06E2923D736800054C127 /* GameScene.swift in Sources */,
				70320FD823EA4C76007C641F /* StoreScene.swift in Sources */,
				70EEB20C23D7894900D0FD26 /* GameLayer.swift in Sources */,
				7070D5D023D91FBE00BD8BCD /* Collectable.swift in Sources */,
				7080CC5D23E124F500EDD94F /* HomeMenuScene.swift in Sources */,
				70A06E2B23D736800054C127 /* GameViewController.swift in Sources */,
				70EEB20E23D7C34C00D0FD26 /* HUDLayer.swift in Sources */,
				70EEB20A23D783F000D0FD26 /* Character.swift in Sources */,
				70A06E2323D736800054C127 /* AppDelegate.swift in Sources */,
				70EEB21023D7D7D700D0FD26 /* Enemy.swift in Sources */,
				7080CC5B23E11DC500EDD94F /* InitialScene.swift in Sources */,
				7088901023DA1C4E007CBEA3 /* ProgressBar.swift in Sources */,
				70EEB20823D76A6C00D0FD26 /* Utils.swift in Sources */,
			);
			runOnlyForDeploymentPostprocessing = 0;
		};
/* End PBXSourcesBuildPhase section */

/* Begin PBXVariantGroup section */
		70A06E2C23D736800054C127 /* Main.storyboard */ = {
			isa = PBXVariantGroup;
			children = (
				70A06E2D23D736800054C127 /* Base */,
			);
			name = Main.storyboard;
			sourceTree = "<group>";
		};
		70A06E3123D736840054C127 /* LaunchScreen.storyboard */ = {
			isa = PBXVariantGroup;
			children = (
				70A06E3223D736840054C127 /* Base */,
			);
			name = LaunchScreen.storyboard;
			sourceTree = "<group>";
		};
/* End PBXVariantGroup section */

/* Begin XCBuildConfiguration section */
		70A06E3523D736840054C127 /* Debug */ = {
			isa = XCBuildConfiguration;
			buildSettings = {
				ALWAYS_SEARCH_USER_PATHS = NO;
				CLANG_ANALYZER_NONNULL = YES;
				CLANG_ANALYZER_NUMBER_OBJECT_CONVERSION = YES_AGGRESSIVE;
				CLANG_CXX_LANGUAGE_STANDARD = "gnu++14";
				CLANG_CXX_LIBRARY = "libc++";
				CLANG_ENABLE_MODULES = YES;
				CLANG_ENABLE_OBJC_ARC = YES;
				CLANG_ENABLE_OBJC_WEAK = YES;
				CLANG_WARN_BLOCK_CAPTURE_AUTORELEASING = YES;
				CLANG_WARN_BOOL_CONVERSION = YES;
				CLANG_WARN_COMMA = YES;
				CLANG_WARN_CONSTANT_CONVERSION = YES;
				CLANG_WARN_DEPRECATED_OBJC_IMPLEMENTATIONS = YES;
				CLANG_WARN_DIRECT_OBJC_ISA_USAGE = YES_ERROR;
				CLANG_WARN_DOCUMENTATION_COMMENTS = YES;
				CLANG_WARN_EMPTY_BODY = YES;
				CLANG_WARN_ENUM_CONVERSION = YES;
				CLANG_WARN_INFINITE_RECURSION = YES;
				CLANG_WARN_INT_CONVERSION = YES;
				CLANG_WARN_NON_LITERAL_NULL_CONVERSION = YES;
				CLANG_WARN_OBJC_IMPLICIT_RETAIN_SELF = YES;
				CLANG_WARN_OBJC_LITERAL_CONVERSION = YES;
				CLANG_WARN_OBJC_ROOT_CLASS = YES_ERROR;
				CLANG_WARN_RANGE_LOOP_ANALYSIS = YES;
				CLANG_WARN_STRICT_PROTOTYPES = YES;
				CLANG_WARN_SUSPICIOUS_MOVE = YES;
				CLANG_WARN_UNGUARDED_AVAILABILITY = YES_AGGRESSIVE;
				CLANG_WARN_UNREACHABLE_CODE = YES;
				CLANG_WARN__DUPLICATE_METHOD_MATCH = YES;
				COPY_PHASE_STRIP = NO;
				DEBUG_INFORMATION_FORMAT = dwarf;
				ENABLE_STRICT_OBJC_MSGSEND = YES;
				ENABLE_TESTABILITY = YES;
				GCC_C_LANGUAGE_STANDARD = gnu11;
				GCC_DYNAMIC_NO_PIC = NO;
				GCC_NO_COMMON_BLOCKS = YES;
				GCC_OPTIMIZATION_LEVEL = 0;
				GCC_PREPROCESSOR_DEFINITIONS = (
					"DEBUG=1",
					"$(inherited)",
				);
				GCC_WARN_64_TO_32_BIT_CONVERSION = YES;
				GCC_WARN_ABOUT_RETURN_TYPE = YES_ERROR;
				GCC_WARN_UNDECLARED_SELECTOR = YES;
				GCC_WARN_UNINITIALIZED_AUTOS = YES_AGGRESSIVE;
				GCC_WARN_UNUSED_FUNCTION = YES;
				GCC_WARN_UNUSED_VARIABLE = YES;
				IPHONEOS_DEPLOYMENT_TARGET = 13.2;
				MTL_ENABLE_DEBUG_INFO = INCLUDE_SOURCE;
				MTL_FAST_MATH = YES;
				ONLY_ACTIVE_ARCH = YES;
				SDKROOT = iphoneos;
				SWIFT_ACTIVE_COMPILATION_CONDITIONS = DEBUG;
				SWIFT_OPTIMIZATION_LEVEL = "-Onone";
			};
			name = Debug;
		};
		70A06E3623D736840054C127 /* Release */ = {
			isa = XCBuildConfiguration;
			buildSettings = {
				ALWAYS_SEARCH_USER_PATHS = NO;
				CLANG_ANALYZER_NONNULL = YES;
				CLANG_ANALYZER_NUMBER_OBJECT_CONVERSION = YES_AGGRESSIVE;
				CLANG_CXX_LANGUAGE_STANDARD = "gnu++14";
				CLANG_CXX_LIBRARY = "libc++";
				CLANG_ENABLE_MODULES = YES;
				CLANG_ENABLE_OBJC_ARC = YES;
				CLANG_ENABLE_OBJC_WEAK = YES;
				CLANG_WARN_BLOCK_CAPTURE_AUTORELEASING = YES;
				CLANG_WARN_BOOL_CONVERSION = YES;
				CLANG_WARN_COMMA = YES;
				CLANG_WARN_CONSTANT_CONVERSION = YES;
				CLANG_WARN_DEPRECATED_OBJC_IMPLEMENTATIONS = YES;
				CLANG_WARN_DIRECT_OBJC_ISA_USAGE = YES_ERROR;
				CLANG_WARN_DOCUMENTATION_COMMENTS = YES;
				CLANG_WARN_EMPTY_BODY = YES;
				CLANG_WARN_ENUM_CONVERSION = YES;
				CLANG_WARN_INFINITE_RECURSION = YES;
				CLANG_WARN_INT_CONVERSION = YES;
				CLANG_WARN_NON_LITERAL_NULL_CONVERSION = YES;
				CLANG_WARN_OBJC_IMPLICIT_RETAIN_SELF = YES;
				CLANG_WARN_OBJC_LITERAL_CONVERSION = YES;
				CLANG_WARN_OBJC_ROOT_CLASS = YES_ERROR;
				CLANG_WARN_RANGE_LOOP_ANALYSIS = YES;
				CLANG_WARN_STRICT_PROTOTYPES = YES;
				CLANG_WARN_SUSPICIOUS_MOVE = YES;
				CLANG_WARN_UNGUARDED_AVAILABILITY = YES_AGGRESSIVE;
				CLANG_WARN_UNREACHABLE_CODE = YES;
				CLANG_WARN__DUPLICATE_METHOD_MATCH = YES;
				COPY_PHASE_STRIP = NO;
				DEBUG_INFORMATION_FORMAT = "dwarf-with-dsym";
				ENABLE_NS_ASSERTIONS = NO;
				ENABLE_STRICT_OBJC_MSGSEND = YES;
				GCC_C_LANGUAGE_STANDARD = gnu11;
				GCC_NO_COMMON_BLOCKS = YES;
				GCC_WARN_64_TO_32_BIT_CONVERSION = YES;
				GCC_WARN_ABOUT_RETURN_TYPE = YES_ERROR;
				GCC_WARN_UNDECLARED_SELECTOR = YES;
				GCC_WARN_UNINITIALIZED_AUTOS = YES_AGGRESSIVE;
				GCC_WARN_UNUSED_FUNCTION = YES;
				GCC_WARN_UNUSED_VARIABLE = YES;
				IPHONEOS_DEPLOYMENT_TARGET = 13.2;
				MTL_ENABLE_DEBUG_INFO = NO;
				MTL_FAST_MATH = YES;
				SDKROOT = iphoneos;
				SWIFT_COMPILATION_MODE = wholemodule;
				SWIFT_OPTIMIZATION_LEVEL = "-O";
				VALIDATE_PRODUCT = YES;
			};
			name = Release;
		};
		70A06E3823D736840054C127 /* Debug */ = {
			isa = XCBuildConfiguration;
			baseConfigurationReference = 1C7D789F3E71FA986E5A69DE /* Pods-RRTan.debug.xcconfig */;
			buildSettings = {
				ASSETCATALOG_COMPILER_APPICON_NAME = AppIcon;
				CODE_SIGN_STYLE = Automatic;
				DEVELOPMENT_TEAM = 536JJFH3JQ;
				INFOPLIST_FILE = RRTan/Info.plist;
				LD_RUNPATH_SEARCH_PATHS = (
					"$(inherited)",
					"@executable_path/Frameworks",
				);
				MARKETING_VERSION = 0.1;
				PRODUCT_BUNDLE_IDENTIFIER = rangel.RRTan;
				PRODUCT_NAME = "Dale War";
				SWIFT_VERSION = 5.0;
				TARGETED_DEVICE_FAMILY = "1,2";
			};
			name = Debug;
		};
		70A06E3923D736840054C127 /* Release */ = {
			isa = XCBuildConfiguration;
			baseConfigurationReference = 2D67ADC860B45B5C21492523 /* Pods-RRTan.release.xcconfig */;
			buildSettings = {
				ASSETCATALOG_COMPILER_APPICON_NAME = AppIcon;
				CODE_SIGN_STYLE = Automatic;
				DEVELOPMENT_TEAM = 536JJFH3JQ;
				INFOPLIST_FILE = RRTan/Info.plist;
				LD_RUNPATH_SEARCH_PATHS = (
					"$(inherited)",
					"@executable_path/Frameworks",
				);
				MARKETING_VERSION = 0.1;
				PRODUCT_BUNDLE_IDENTIFIER = rangel.RRTan;
				PRODUCT_NAME = "Dale War";
				SWIFT_VERSION = 5.0;
				TARGETED_DEVICE_FAMILY = "1,2";
			};
			name = Release;
		};
/* End XCBuildConfiguration section */

/* Begin XCConfigurationList section */
		70A06E1A23D736800054C127 /* Build configuration list for PBXProject "RRTan" */ = {
			isa = XCConfigurationList;
			buildConfigurations = (
				70A06E3523D736840054C127 /* Debug */,
				70A06E3623D736840054C127 /* Release */,
			);
			defaultConfigurationIsVisible = 0;
			defaultConfigurationName = Release;
		};
		70A06E3723D736840054C127 /* Build configuration list for PBXNativeTarget "RRTan" */ = {
			isa = XCConfigurationList;
			buildConfigurations = (
				70A06E3823D736840054C127 /* Debug */,
				70A06E3923D736840054C127 /* Release */,
			);
			defaultConfigurationIsVisible = 0;
			defaultConfigurationName = Release;
		};
/* End XCConfigurationList section */
	};
	rootObject = 70A06E1723D736800054C127 /* Project object */;
}
